
Microsoft Visual Studio Solution File, Format Version 12.00
# Visual Studio 15
VisualStudioVersion = 15.0.26730.16
MinimumVisualStudioVersion = 10.0.40219.1
Project("{FAE04EC0-301F-11D3-BF4B-00C04F79EFBC}") = "大樂透不重複選號機", "大樂透不重複選號機\大樂透不重複選號機.csproj", "{0A0527B5-0C3A-483C-87B4-E2538133BAA1}"
EndProject
Global
	GlobalSection(SolutionConfigurationPlatforms) = preSolution
		Debug|Any CPU = Debug|Any CPU
		Release|Any CPU = Release|Any CPU
	EndGlobalSection
	GlobalSection(ProjectConfigurationPlatforms) = postSolution
		{0A0527B5-0C3A-483C-87B4-E2538133BAA1}.Debug|Any CPU.ActiveCfg = Debug|Any CPU
		{0A0527B5-0C3A-483C-87B4-E2538133BAA1}.Debug|Any CPU.Build.0 = Debug|Any CPU
		{0A0527B5-0C3A-483C-87B4-E2538133BAA1}.Release|Any CPU.ActiveCfg = Release|Any CPU
		{0A0527B5-0C3A-483C-87B4-E2538133BAA1}.Release|Any CPU.Build.0 = Release|Any CPU
	EndGlobalSection
	GlobalSection(SolutionProperties) = preSolution
		HideSolutionNode = FALSE
	EndGlobalSection
	GlobalSection(ExtensibilityGlobals) = postSolution
		SolutionGuid = {889747A0-536B-460F-8C5A-A8BB2CF3E2A7}
	EndGlobalSection
EndGlobal
